
Microsoft Visual Studio Solution File, Format Version 12.00
# Visual Studio Version 16
VisualStudioVersion = 16.0.29215.179
MinimumVisualStudioVersion = 10.0.40219.1
Project("{FAE04EC0-301F-11D3-BF4B-00C04F79EFBC}") = "KsWare.AppVeyorNugetExample", "KsWare.AppVeyorNugetExample\KsWare.AppVeyorNugetExample.csproj", "{E5AB4788-E09D-47D3-8E39-8E1A1122411F}"
EndProject
Global
	GlobalSection(SolutionConfigurationPlatforms) = preSolution
		Debug|Any CPU = Debug|Any CPU
		Release|Any CPU = Release|Any CPU
	EndGlobalSection
	GlobalSection(ProjectConfigurationPlatforms) = postSolution
		{E5AB4788-E09D-47D3-8E39-8E1A1122411F}.Debug|Any CPU.ActiveCfg = Debug|Any CPU
		{E5AB4788-E09D-47D3-8E39-8E1A1122411F}.Debug|Any CPU.Build.0 = Debug|Any CPU
		{E5AB4788-E09D-47D3-8E39-8E1A1122411F}.Release|Any CPU.ActiveCfg = Release|Any CPU
		{E5AB4788-E09D-47D3-8E39-8E1A1122411F}.Release|Any CPU.Build.0 = Release|Any CPU
	EndGlobalSection
	GlobalSection(SolutionProperties) = preSolution
		HideSolutionNode = FALSE
	EndGlobalSection
	GlobalSection(ExtensibilityGlobals) = postSolution
		SolutionGuid = {A4320C1F-21CC-4ACE-B4D2-C65E04159795}
	EndGlobalSection
EndGlobal
